// !$*UTF8*$!
{
	archiveVersion = 1;
	classes = {
	};
	objectVersion = 50;
	objects = {

/* Begin PBXBuildFile section */
		19C3226EA8B3E6AECB3EEC03 /* Pods_Instagram.framework in Frameworks */ = {isa = PBXBuildFile; fileRef = 443EB20BFB82746C3B755623 /* Pods_Instagram.framework */; };
		B9E5ACCA2694DC8000E348E3 /* AppDelegate.m in Sources */ = {isa = PBXBuildFile; fileRef = B9E5ACC92694DC8000E348E3 /* AppDelegate.m */; };
		B9E5ACCD2694DC8000E348E3 /* SceneDelegate.m in Sources */ = {isa = PBXBuildFile; fileRef = B9E5ACCC2694DC8000E348E3 /* SceneDelegate.m */; };
		B9E5ACD02694DC8000E348E3 /* ViewController.m in Sources */ = {isa = PBXBuildFile; fileRef = B9E5ACCF2694DC8000E348E3 /* ViewController.m */; };
		B9E5ACD32694DC8000E348E3 /* Main.storyboard in Resources */ = {isa = PBXBuildFile; fileRef = B9E5ACD12694DC8000E348E3 /* Main.storyboard */; };
		B9E5ACD52694DC8100E348E3 /* Assets.xcassets in Resources */ = {isa = PBXBuildFile; fileRef = B9E5ACD42694DC8100E348E3 /* Assets.xcassets */; };
		B9E5ACD82694DC8100E348E3 /* LaunchScreen.storyboard in Resources */ = {isa = PBXBuildFile; fileRef = B9E5ACD62694DC8100E348E3 /* LaunchScreen.storyboard */; };
		B9E5ACDB2694DC8100E348E3 /* main.m in Sources */ = {isa = PBXBuildFile; fileRef = B9E5ACDA2694DC8100E348E3 /* main.m */; };
		B9E5ACE52694DC8100E348E3 /* InstagramTests.m in Sources */ = {isa = PBXBuildFile; fileRef = B9E5ACE42694DC8100E348E3 /* InstagramTests.m */; };
		B9E5ACF02694DC8100E348E3 /* InstagramUITests.m in Sources */ = {isa = PBXBuildFile; fileRef = B9E5ACEF2694DC8100E348E3 /* InstagramUITests.m */; };
		E265397BBA2A9CA11848F45B /* Pods_Instagram_InstagramUITests.framework in Frameworks */ = {isa = PBXBuildFile; fileRef = 9DD5EBD58115B6C18B02E014 /* Pods_Instagram_InstagramUITests.framework */; };
		F577F22CD2FFB264AA999425 /* Pods_InstagramTests.framework in Frameworks */ = {isa = PBXBuildFile; fileRef = 37DC16EF01CED7F70EABBE8D /* Pods_InstagramTests.framework */; };
/* End PBXBuildFile section */

/* Begin PBXContainerItemProxy section */
		B9E5ACE12694DC8100E348E3 /* PBXContainerItemProxy */ = {
			isa = PBXContainerItemProxy;
			containerPortal = B9E5ACBD2694DC8000E348E3 /* Project object */;
			proxyType = 1;
			remoteGlobalIDString = B9E5ACC42694DC8000E348E3;
			remoteInfo = Instagram;
		};
		B9E5ACEC2694DC8100E348E3 /* PBXContainerItemProxy */ = {
			isa = PBXContainerItemProxy;
			containerPortal = B9E5ACBD2694DC8000E348E3 /* Project object */;
			proxyType = 1;
			remoteGlobalIDString = B9E5ACC42694DC8000E348E3;
			remoteInfo = Instagram;
		};
/* End PBXContainerItemProxy section */

/* Begin PBXFileReference section */
		071F256EDBA5554D714C2CFA /* Pods-InstagramTests.debug.xcconfig */ = {isa = PBXFileReference; includeInIndex = 1; lastKnownFileType = text.xcconfig; name = "Pods-InstagramTests.debug.xcconfig"; path = "Target Support Files/Pods-InstagramTests/Pods-InstagramTests.debug.xcconfig"; sourceTree = "<group>"; };
		37DC16EF01CED7F70EABBE8D /* Pods_InstagramTests.framework */ = {isa = PBXFileReference; explicitFileType = wrapper.framework; includeInIndex = 0; path = Pods_InstagramTests.framework; sourceTree = BUILT_PRODUCTS_DIR; };
		443EB20BFB82746C3B755623 /* Pods_Instagram.framework */ = {isa = PBXFileReference; explicitFileType = wrapper.framework; includeInIndex = 0; path = Pods_Instagram.framework; sourceTree = BUILT_PRODUCTS_DIR; };
		9DD5EBD58115B6C18B02E014 /* Pods_Instagram_InstagramUITests.framework */ = {isa = PBXFileReference; explicitFileType = wrapper.framework; includeInIndex = 0; path = Pods_Instagram_InstagramUITests.framework; sourceTree = BUILT_PRODUCTS_DIR; };
		A5F6368AFBF85ACCD3311512 /* Pods-InstagramTests.release.xcconfig */ = {isa = PBXFileReference; includeInIndex = 1; lastKnownFileType = text.xcconfig; name = "Pods-InstagramTests.release.xcconfig"; path = "Target Support Files/Pods-InstagramTests/Pods-InstagramTests.release.xcconfig"; sourceTree = "<group>"; };
		B4F1772D6924D5E64611C924 /* Pods-Instagram.debug.xcconfig */ = {isa = PBXFileReference; includeInIndex = 1; lastKnownFileType = text.xcconfig; name = "Pods-Instagram.debug.xcconfig"; path = "Target Support Files/Pods-Instagram/Pods-Instagram.debug.xcconfig"; sourceTree = "<group>"; };
		B9E5ACC52694DC8000E348E3 /* Instagram.app */ = {isa = PBXFileReference; explicitFileType = wrapper.application; includeInIndex = 0; path = Instagram.app; sourceTree = BUILT_PRODUCTS_DIR; };
		B9E5ACC82694DC8000E348E3 /* AppDelegate.h */ = {isa = PBXFileReference; lastKnownFileType = sourcecode.c.h; path = AppDelegate.h; sourceTree = "<group>"; };
		B9E5ACC92694DC8000E348E3 /* AppDelegate.m */ = {isa = PBXFileReference; lastKnownFileType = sourcecode.c.objc; path = AppDelegate.m; sourceTree = "<group>"; };
		B9E5ACCB2694DC8000E348E3 /* SceneDelegate.h */ = {isa = PBXFileReference; lastKnownFileType = sourcecode.c.h; path = SceneDelegate.h; sourceTree = "<group>"; };
		B9E5ACCC2694DC8000E348E3 /* SceneDelegate.m */ = {isa = PBXFileReference; lastKnownFileType = sourcecode.c.objc; path = SceneDelegate.m; sourceTree = "<group>"; };
		B9E5ACCE2694DC8000E348E3 /* ViewController.h */ = {isa = PBXFileReference; lastKnownFileType = sourcecode.c.h; path = ViewController.h; sourceTree = "<group>"; };
		B9E5ACCF2694DC8000E348E3 /* ViewController.m */ = {isa = PBXFileReference; lastKnownFileType = sourcecode.c.objc; path = ViewController.m; sourceTree = "<group>"; };
		B9E5ACD22694DC8000E348E3 /* Base */ = {isa = PBXFileReference; lastKnownFileType = file.storyboard; name = Base; path = Base.lproj/Main.storyboard; sourceTree = "<group>"; };
		B9E5ACD42694DC8100E348E3 /* Assets.xcassets */ = {isa = PBXFileReference; lastKnownFileType = folder.assetcatalog; path = Assets.xcassets; sourceTree = "<group>"; };
		B9E5ACD72694DC8100E348E3 /* Base */ = {isa = PBXFileReference; lastKnownFileType = file.storyboard; name = Base; path = Base.lproj/LaunchScreen.storyboard; sourceTree = "<group>"; };
		B9E5ACD92694DC8100E348E3 /* Info.plist */ = {isa = PBXFileReference; lastKnownFileType = text.plist.xml; path = Info.plist; sourceTree = "<group>"; };
		B9E5ACDA2694DC8100E348E3 /* main.m */ = {isa = PBXFileReference; lastKnownFileType = sourcecode.c.objc; path = main.m; sourceTree = "<group>"; };
		B9E5ACE02694DC8100E348E3 /* InstagramTests.xctest */ = {isa = PBXFileReference; explicitFileType = wrapper.cfbundle; includeInIndex = 0; path = InstagramTests.xctest; sourceTree = BUILT_PRODUCTS_DIR; };
		B9E5ACE42694DC8100E348E3 /* InstagramTests.m */ = {isa = PBXFileReference; lastKnownFileType = sourcecode.c.objc; path = InstagramTests.m; sourceTree = "<group>"; };
		B9E5ACE62694DC8100E348E3 /* Info.plist */ = {isa = PBXFileReference; lastKnownFileType = text.plist.xml; path = Info.plist; sourceTree = "<group>"; };
		B9E5ACEB2694DC8100E348E3 /* InstagramUITests.xctest */ = {isa = PBXFileReference; explicitFileType = wrapper.cfbundle; includeInIndex = 0; path = InstagramUITests.xctest; sourceTree = BUILT_PRODUCTS_DIR; };
		B9E5ACEF2694DC8100E348E3 /* InstagramUITests.m */ = {isa = PBXFileReference; lastKnownFileType = sourcecode.c.objc; path = InstagramUITests.m; sourceTree = "<group>"; };
		B9E5ACF12694DC8100E348E3 /* Info.plist */ = {isa = PBXFileReference; lastKnownFileType = text.plist.xml; path = Info.plist; sourceTree = "<group>"; };
		BDD118FFC15AC80066C5888F /* Pods-Instagram-InstagramUITests.release.xcconfig */ = {isa = PBXFileReference; includeInIndex = 1; lastKnownFileType = text.xcconfig; name = "Pods-Instagram-InstagramUITests.release.xcconfig"; path = "Target Support Files/Pods-Instagram-InstagramUITests/Pods-Instagram-InstagramUITests.release.xcconfig"; sourceTree = "<group>"; };
		C06A5A0216DF318B6AD66F25 /* Pods-Instagram-InstagramUITests.debug.xcconfig */ = {isa = PBXFileReference; includeInIndex = 1; lastKnownFileType = text.xcconfig; name = "Pods-Instagram-InstagramUITests.debug.xcconfig"; path = "Target Support Files/Pods-Instagram-InstagramUITests/Pods-Instagram-InstagramUITests.debug.xcconfig"; sourceTree = "<group>"; };
		CB27A87B6C0561A6E8782CC5 /* Pods-Instagram.release.xcconfig */ = {isa = PBXFileReference; includeInIndex = 1; lastKnownFileType = text.xcconfig; name = "Pods-Instagram.release.xcconfig"; path = "Target Support Files/Pods-Instagram/Pods-Instagram.release.xcconfig"; sourceTree = "<group>"; };
/* End PBXFileReference section */

/* Begin PBXFrameworksBuildPhase section */
		B9E5ACC22694DC8000E348E3 /* Frameworks */ = {
			isa = PBXFrameworksBuildPhase;
			buildActionMask = 2147483647;
			files = (
				19C3226EA8B3E6AECB3EEC03 /* Pods_Instagram.framework in Frameworks */,
			);
			runOnlyForDeploymentPostprocessing = 0;
		};
		B9E5ACDD2694DC8100E348E3 /* Frameworks */ = {
			isa = PBXFrameworksBuildPhase;
			buildActionMask = 2147483647;
			files = (
				F577F22CD2FFB264AA999425 /* Pods_InstagramTests.framework in Frameworks */,
			);
			runOnlyForDeploymentPostprocessing = 0;
		};
		B9E5ACE82694DC8100E348E3 /* Frameworks */ = {
			isa = PBXFrameworksBuildPhase;
			buildActionMask = 2147483647;
			files = (
				E265397BBA2A9CA11848F45B /* Pods_Instagram_InstagramUITests.framework in Frameworks */,
			);
			runOnlyForDeploymentPostprocessing = 0;
		};
/* End PBXFrameworksBuildPhase section */

/* Begin PBXGroup section */
		2213BDC37AF57E3E22A69283 /* Frameworks */ = {
			isa = PBXGroup;
			children = (
				443EB20BFB82746C3B755623 /* Pods_Instagram.framework */,
				9DD5EBD58115B6C18B02E014 /* Pods_Instagram_InstagramUITests.framework */,
				37DC16EF01CED7F70EABBE8D /* Pods_InstagramTests.framework */,
			);
			name = Frameworks;
			sourceTree = "<group>";
		};
		B9E5ACBC2694DC8000E348E3 = {
			isa = PBXGroup;
			children = (
				B9E5ACC72694DC8000E348E3 /* Instagram */,
				B9E5ACE32694DC8100E348E3 /* InstagramTests */,
				B9E5ACEE2694DC8100E348E3 /* InstagramUITests */,
				B9E5ACC62694DC8000E348E3 /* Products */,
				C429218F4EC86F38DD3A1B35 /* Pods */,
				2213BDC37AF57E3E22A69283 /* Frameworks */,
			);
			sourceTree = "<group>";
		};
		B9E5ACC62694DC8000E348E3 /* Products */ = {
			isa = PBXGroup;
			children = (
				B9E5ACC52694DC8000E348E3 /* Instagram.app */,
				B9E5ACE02694DC8100E348E3 /* InstagramTests.xctest */,
				B9E5ACEB2694DC8100E348E3 /* InstagramUITests.xctest */,
			);
			name = Products;
			sourceTree = "<group>";
		};
		B9E5ACC72694DC8000E348E3 /* Instagram */ = {
			isa = PBXGroup;
			children = (
				B9E5ACC82694DC8000E348E3 /* AppDelegate.h */,
				B9E5ACC92694DC8000E348E3 /* AppDelegate.m */,
				B9E5ACCB2694DC8000E348E3 /* SceneDelegate.h */,
				B9E5ACCC2694DC8000E348E3 /* SceneDelegate.m */,
				B9E5ACCE2694DC8000E348E3 /* ViewController.h */,
				B9E5ACCF2694DC8000E348E3 /* ViewController.m */,
				B9E5ACD12694DC8000E348E3 /* Main.storyboard */,
				B9E5ACD42694DC8100E348E3 /* Assets.xcassets */,
				B9E5ACD62694DC8100E348E3 /* LaunchScreen.storyboard */,
				B9E5ACD92694DC8100E348E3 /* Info.plist */,
				B9E5ACDA2694DC8100E348E3 /* main.m */,
			);
			path = Instagram;
			sourceTree = "<group>";
		};
		B9E5ACE32694DC8100E348E3 /* InstagramTests */ = {
			isa = PBXGroup;
			children = (
				B9E5ACE42694DC8100E348E3 /* InstagramTests.m */,
				B9E5ACE62694DC8100E348E3 /* Info.plist */,
			);
			path = InstagramTests;
			sourceTree = "<group>";
		};
		B9E5ACEE2694DC8100E348E3 /* InstagramUITests */ = {
			isa = PBXGroup;
			children = (
				B9E5ACEF2694DC8100E348E3 /* InstagramUITests.m */,
				B9E5ACF12694DC8100E348E3 /* Info.plist */,
			);
			path = InstagramUITests;
			sourceTree = "<group>";
		};
		C429218F4EC86F38DD3A1B35 /* Pods */ = {
			isa = PBXGroup;
			children = (
				B4F1772D6924D5E64611C924 /* Pods-Instagram.debug.xcconfig */,
				CB27A87B6C0561A6E8782CC5 /* Pods-Instagram.release.xcconfig */,
				C06A5A0216DF318B6AD66F25 /* Pods-Instagram-InstagramUITests.debug.xcconfig */,
				BDD118FFC15AC80066C5888F /* Pods-Instagram-InstagramUITests.release.xcconfig */,
				071F256EDBA5554D714C2CFA /* Pods-InstagramTests.debug.xcconfig */,
				A5F6368AFBF85ACCD3311512 /* Pods-InstagramTests.release.xcconfig */,
			);
			name = Pods;
			path = Pods;
			sourceTree = "<group>";
		};
/* End PBXGroup section */

/* Begin PBXNativeTarget section */
		B9E5ACC42694DC8000E348E3 /* Instagram */ = {
			isa = PBXNativeTarget;
			buildConfigurationList = B9E5ACF42694DC8100E348E3 /* Build configuration list for PBXNativeTarget "Instagram" */;
			buildPhases = (
				622EE7F2D2C126E7D0A6463D /* [CP] Check Pods Manifest.lock */,
				B9E5ACC12694DC8000E348E3 /* Sources */,
				B9E5ACC22694DC8000E348E3 /* Frameworks */,
				B9E5ACC32694DC8000E348E3 /* Resources */,
				250211EC7AB7167270F18CF7 /* [CP] Embed Pods Frameworks */,
			);
			buildRules = (
			);
			dependencies = (
			);
			name = Instagram;
			productName = Instagram;
			productReference = B9E5ACC52694DC8000E348E3 /* Instagram.app */;
			productType = "com.apple.product-type.application";
		};
		B9E5ACDF2694DC8100E348E3 /* InstagramTests */ = {
			isa = PBXNativeTarget;
			buildConfigurationList = B9E5ACF72694DC8100E348E3 /* Build configuration list for PBXNativeTarget "InstagramTests" */;
			buildPhases = (
				D1B0B7AD9A3AF90AC69A8209 /* [CP] Check Pods Manifest.lock */,
				B9E5ACDC2694DC8100E348E3 /* Sources */,
				B9E5ACDD2694DC8100E348E3 /* Frameworks */,
				B9E5ACDE2694DC8100E348E3 /* Resources */,
			);
			buildRules = (
			);
			dependencies = (
				B9E5ACE22694DC8100E348E3 /* PBXTargetDependency */,
			);
			name = InstagramTests;
			productName = InstagramTests;
			productReference = B9E5ACE02694DC8100E348E3 /* InstagramTests.xctest */;
			productType = "com.apple.product-type.bundle.unit-test";
		};
		B9E5ACEA2694DC8100E348E3 /* InstagramUITests */ = {
			isa = PBXNativeTarget;
			buildConfigurationList = B9E5ACFA2694DC8100E348E3 /* Build configuration list for PBXNativeTarget "InstagramUITests" */;
			buildPhases = (
				E2DBF3B511CFE39A5D72BD5C /* [CP] Check Pods Manifest.lock */,
				B9E5ACE72694DC8100E348E3 /* Sources */,
				B9E5ACE82694DC8100E348E3 /* Frameworks */,
				B9E5ACE92694DC8100E348E3 /* Resources */,
				990B8DDCAE6212FCCD3F236D /* [CP] Embed Pods Frameworks */,
			);
			buildRules = (
			);
			dependencies = (
				B9E5ACED2694DC8100E348E3 /* PBXTargetDependency */,
			);
			name = InstagramUITests;
			productName = InstagramUITests;
			productReference = B9E5ACEB2694DC8100E348E3 /* InstagramUITests.xctest */;
			productType = "com.apple.product-type.bundle.ui-testing";
		};
/* End PBXNativeTarget section */

/* Begin PBXProject section */
		B9E5ACBD2694DC8000E348E3 /* Project object */ = {
			isa = PBXProject;
			attributes = {
				LastUpgradeCheck = 1250;
				TargetAttributes = {
					B9E5ACC42694DC8000E348E3 = {
						CreatedOnToolsVersion = 12.5.1;
					};
					B9E5ACDF2694DC8100E348E3 = {
						CreatedOnToolsVersion = 12.5.1;
						TestTargetID = B9E5ACC42694DC8000E348E3;
					};
					B9E5ACEA2694DC8100E348E3 = {
						CreatedOnToolsVersion = 12.5.1;
						TestTargetID = B9E5ACC42694DC8000E348E3;
					};
				};
			};
			buildConfigurationList = B9E5ACC02694DC8000E348E3 /* Build configuration list for PBXProject "Instagram" */;
			compatibilityVersion = "Xcode 9.3";
			developmentRegion = en;
			hasScannedForEncodings = 0;
			knownRegions = (
				en,
				Base,
			);
			mainGroup = B9E5ACBC2694DC8000E348E3;
			productRefGroup = B9E5ACC62694DC8000E348E3 /* Products */;
			projectDirPath = "";
			projectRoot = "";
			targets = (
				B9E5ACC42694DC8000E348E3 /* Instagram */,
				B9E5ACDF2694DC8100E348E3 /* InstagramTests */,
				B9E5ACEA2694DC8100E348E3 /* InstagramUITests */,
			);
		};
/* End PBXProject section */

/* Begin PBXResourcesBuildPhase section */
		B9E5ACC32694DC8000E348E3 /* Resources */ = {
			isa = PBXResourcesBuildPhase;
			buildActionMask = 2147483647;
			files = (
				B9E5ACD82694DC8100E348E3 /* LaunchScreen.storyboard in Resources */,
				B9E5ACD52694DC8100E348E3 /* Assets.xcassets in Resources */,
				B9E5ACD32694DC8000E348E3 /* Main.storyboard in Resources */,
			);
			runOnlyForDeploymentPostprocessing = 0;
		};
		B9E5ACDE2694DC8100E348E3 /* Resources */ = {
			isa = PBXResourcesBuildPhase;
			buildActionMask = 2147483647;
			files = (
			);
			runOnlyForDeploymentPostprocessing = 0;
		};
		B9E5ACE92694DC8100E348E3 /* Resources */ = {
			isa = PBXResourcesBuildPhase;
			buildActionMask = 2147483647;
			files = (
			);
			runOnlyForDeploymentPostprocessing = 0;
		};
/* End PBXResourcesBuildPhase section */

/* Begin PBXShellScriptBuildPhase section */
		250211EC7AB7167270F18CF7 /* [CP] Embed Pods Frameworks */ = {
			isa = PBXShellScriptBuildPhase;
			buildActionMask = 2147483647;
			files = (
			);
			inputFileListPaths = (
				"${PODS_ROOT}/Target Support Files/Pods-Instagram/Pods-Instagram-frameworks-${CONFIGURATION}-input-files.xcfilelist",
			);
			name = "[CP] Embed Pods Frameworks";
			outputFileListPaths = (
				"${PODS_ROOT}/Target Support Files/Pods-Instagram/Pods-Instagram-frameworks-${CONFIGURATION}-output-files.xcfilelist",
			);
			runOnlyForDeploymentPostprocessing = 0;
			shellPath = /bin/sh;
			shellScript = "\"${PODS_ROOT}/Target Support Files/Pods-Instagram/Pods-Instagram-frameworks.sh\"\n";
			showEnvVarsInLog = 0;
		};
		622EE7F2D2C126E7D0A6463D /* [CP] Check Pods Manifest.lock */ = {
			isa = PBXShellScriptBuildPhase;
			buildActionMask = 2147483647;
			files = (
			);
			inputFileListPaths = (
			);
			inputPaths = (
				"${PODS_PODFILE_DIR_PATH}/Podfile.lock",
				"${PODS_ROOT}/Manifest.lock",
			);
			name = "[CP] Check Pods Manifest.lock";
			outputFileListPaths = (
			);
			outputPaths = (
				"$(DERIVED_FILE_DIR)/Pods-Instagram-checkManifestLockResult.txt",
			);
			runOnlyForDeploymentPostprocessing = 0;
			shellPath = /bin/sh;
			shellScript = "diff \"${PODS_PODFILE_DIR_PATH}/Podfile.lock\" \"${PODS_ROOT}/Manifest.lock\" > /dev/null\nif [ $? != 0 ] ; then\n    # print error to STDERR\n    echo \"error: The sandbox is not in sync with the Podfile.lock. Run 'pod install' or update your CocoaPods installation.\" >&2\n    exit 1\nfi\n# This output is used by Xcode 'outputs' to avoid re-running this script phase.\necho \"SUCCESS\" > \"${SCRIPT_OUTPUT_FILE_0}\"\n";
			showEnvVarsInLog = 0;
		};
		990B8DDCAE6212FCCD3F236D /* [CP] Embed Pods Frameworks */ = {
			isa = PBXShellScriptBuildPhase;
			buildActionMask = 2147483647;
			files = (
			);
			inputFileListPaths = (
				"${PODS_ROOT}/Target Support Files/Pods-Instagram-InstagramUITests/Pods-Instagram-InstagramUITests-frameworks-${CONFIGURATION}-input-files.xcfilelist",
			);
			name = "[CP] Embed Pods Frameworks";
			outputFileListPaths = (
				"${PODS_ROOT}/Target Support Files/Pods-Instagram-InstagramUITests/Pods-Instagram-InstagramUITests-frameworks-${CONFIGURATION}-output-files.xcfilelist",
			);
			runOnlyForDeploymentPostprocessing = 0;
			shellPath = /bin/sh;
			shellScript = "\"${PODS_ROOT}/Target Support Files/Pods-Instagram-InstagramUITests/Pods-Instagram-InstagramUITests-frameworks.sh\"\n";
			showEnvVarsInLog = 0;
		};
		D1B0B7AD9A3AF90AC69A8209 /* [CP] Check Pods Manifest.lock */ = {
			isa = PBXShellScriptBuildPhase;
			buildActionMask = 2147483647;
			files = (
			);
			inputFileListPaths = (
			);
			inputPaths = (
				"${PODS_PODFILE_DIR_PATH}/Podfile.lock",
				"${PODS_ROOT}/Manifest.lock",
			);
			name = "[CP] Check Pods Manifest.lock";
			outputFileListPaths = (
			);
			outputPaths = (
				"$(DERIVED_FILE_DIR)/Pods-InstagramTests-checkManifestLockResult.txt",
			);
			runOnlyForDeploymentPostprocessing = 0;
			shellPath = /bin/sh;
			shellScript = "diff \"${PODS_PODFILE_DIR_PATH}/Podfile.lock\" \"${PODS_ROOT}/Manifest.lock\" > /dev/null\nif [ $? != 0 ] ; then\n    # print error to STDERR\n    echo \"error: The sandbox is not in sync with the Podfile.lock. Run 'pod install' or update your CocoaPods installation.\" >&2\n    exit 1\nfi\n# This output is used by Xcode 'outputs' to avoid re-running this script phase.\necho \"SUCCESS\" > \"${SCRIPT_OUTPUT_FILE_0}\"\n";
			showEnvVarsInLog = 0;
		};
		E2DBF3B511CFE39A5D72BD5C /* [CP] Check Pods Manifest.lock */ = {
			isa = PBXShellScriptBuildPhase;
			buildActionMask = 2147483647;
			files = (
			);
			inputFileListPaths = (
			);
			inputPaths = (
				"${PODS_PODFILE_DIR_PATH}/Podfile.lock",
				"${PODS_ROOT}/Manifest.lock",
			);
			name = "[CP] Check Pods Manifest.lock";
			outputFileListPaths = (
			);
			outputPaths = (
				"$(DERIVED_FILE_DIR)/Pods-Instagram-InstagramUITests-checkManifestLockResult.txt",
			);
			runOnlyForDeploymentPostprocessing = 0;
			shellPath = /bin/sh;
			shellScript = "diff \"${PODS_PODFILE_DIR_PATH}/Podfile.lock\" \"${PODS_ROOT}/Manifest.lock\" > /dev/null\nif [ $? != 0 ] ; then\n    # print error to STDERR\n    echo \"error: The sandbox is not in sync with the Podfile.lock. Run 'pod install' or update your CocoaPods installation.\" >&2\n    exit 1\nfi\n# This output is used by Xcode 'outputs' to avoid re-running this script phase.\necho \"SUCCESS\" > \"${SCRIPT_OUTPUT_FILE_0}\"\n";
			showEnvVarsInLog = 0;
		};
/* End PBXShellScriptBuildPhase section */

/* Begin PBXSourcesBuildPhase section */
		B9E5ACC12694DC8000E348E3 /* Sources */ = {
			isa = PBXSourcesBuildPhase;
			buildActionMask = 2147483647;
			files = (
				B9E5ACD02694DC8000E348E3 /* ViewController.m in Sources */,
				B9E5ACCA2694DC8000E348E3 /* AppDelegate.m in Sources */,
				B9E5ACDB2694DC8100E348E3 /* main.m in Sources */,
				B9E5ACCD2694DC8000E348E3 /* SceneDelegate.m in Sources */,
			);
			runOnlyForDeploymentPostprocessing = 0;
		};
		B9E5ACDC2694DC8100E348E3 /* Sources */ = {
			isa = PBXSourcesBuildPhase;
			buildActionMask = 2147483647;
			files = (
				B9E5ACE52694DC8100E348E3 /* InstagramTests.m in Sources */,
			);
			runOnlyForDeploymentPostprocessing = 0;
		};
		B9E5ACE72694DC8100E348E3 /* Sources */ = {
			isa = PBXSourcesBuildPhase;
			buildActionMask = 2147483647;
			files = (
				B9E5ACF02694DC8100E348E3 /* InstagramUITests.m in Sources */,
			);
			runOnlyForDeploymentPostprocessing = 0;
		};
/* End PBXSourcesBuildPhase section */

/* Begin PBXTargetDependency section */
		B9E5ACE22694DC8100E348E3 /* PBXTargetDependency */ = {
			isa = PBXTargetDependency;
			target = B9E5ACC42694DC8000E348E3 /* Instagram */;
			targetProxy = B9E5ACE12694DC8100E348E3 /* PBXContainerItemProxy */;
		};
		B9E5ACED2694DC8100E348E3 /* PBXTargetDependency */ = {
			isa = PBXTargetDependency;
			target = B9E5ACC42694DC8000E348E3 /* Instagram */;
			targetProxy = B9E5ACEC2694DC8100E348E3 /* PBXContainerItemProxy */;
		};
/* End PBXTargetDependency section */

/* Begin PBXVariantGroup section */
		B9E5ACD12694DC8000E348E3 /* Main.storyboard */ = {
			isa = PBXVariantGroup;
			children = (
				B9E5ACD22694DC8000E348E3 /* Base */,
			);
			name = Main.storyboard;
			sourceTree = "<group>";
		};
		B9E5ACD62694DC8100E348E3 /* LaunchScreen.storyboard */ = {
			isa = PBXVariantGroup;
			children = (
				B9E5ACD72694DC8100E348E3 /* Base */,
			);
			name = LaunchScreen.storyboard;
			sourceTree = "<group>";
		};
/* End PBXVariantGroup section */

/* Begin XCBuildConfiguration section */
		B9E5ACF22694DC8100E348E3 /* Debug */ = {
			isa = XCBuildConfiguration;
			buildSettings = {
				ALWAYS_SEARCH_USER_PATHS = NO;
				CLANG_ANALYZER_NONNULL = YES;
				CLANG_ANALYZER_NUMBER_OBJECT_CONVERSION = YES_AGGRESSIVE;
				CLANG_CXX_LANGUAGE_STANDARD = "gnu++14";
				CLANG_CXX_LIBRARY = "libc++";
				CLANG_ENABLE_MODULES = YES;
				CLANG_ENABLE_OBJC_ARC = YES;
				CLANG_ENABLE_OBJC_WEAK = YES;
				CLANG_WARN_BLOCK_CAPTURE_AUTORELEASING = YES;
				CLANG_WARN_BOOL_CONVERSION = YES;
				CLANG_WARN_COMMA = YES;
				CLANG_WARN_CONSTANT_CONVERSION = YES;
				CLANG_WARN_DEPRECATED_OBJC_IMPLEMENTATIONS = YES;
				CLANG_WARN_DIRECT_OBJC_ISA_USAGE = YES_ERROR;
				CLANG_WARN_DOCUMENTATION_COMMENTS = YES;
				CLANG_WARN_EMPTY_BODY = YES;
				CLANG_WARN_ENUM_CONVERSION = YES;
				CLANG_WARN_INFINITE_RECURSION = YES;
				CLANG_WARN_INT_CONVERSION = YES;
				CLANG_WARN_NON_LITERAL_NULL_CONVERSION = YES;
				CLANG_WARN_OBJC_IMPLICIT_RETAIN_SELF = YES;
				CLANG_WARN_OBJC_LITERAL_CONVERSION = YES;
				CLANG_WARN_OBJC_ROOT_CLASS = YES_ERROR;
				CLANG_WARN_QUOTED_INCLUDE_IN_FRAMEWORK_HEADER = YES;
				CLANG_WARN_RANGE_LOOP_ANALYSIS = YES;
				CLANG_WARN_STRICT_PROTOTYPES = YES;
				CLANG_WARN_SUSPICIOUS_MOVE = YES;
				CLANG_WARN_UNGUARDED_AVAILABILITY = YES_AGGRESSIVE;
				CLANG_WARN_UNREACHABLE_CODE = YES;
				CLANG_WARN__DUPLICATE_METHOD_MATCH = YES;
				COPY_PHASE_STRIP = NO;
				DEBUG_INFORMATION_FORMAT = dwarf;
				ENABLE_STRICT_OBJC_MSGSEND = YES;
				ENABLE_TESTABILITY = YES;
				GCC_C_LANGUAGE_STANDARD = gnu11;
				GCC_DYNAMIC_NO_PIC = NO;
				GCC_NO_COMMON_BLOCKS = YES;
				GCC_OPTIMIZATION_LEVEL = 0;
				GCC_PREPROCESSOR_DEFINITIONS = (
					"DEBUG=1",
					"$(inherited)",
				);
				GCC_WARN_64_TO_32_BIT_CONVERSION = YES;
				GCC_WARN_ABOUT_RETURN_TYPE = YES_ERROR;
				GCC_WARN_UNDECLARED_SELECTOR = YES;
				GCC_WARN_UNINITIALIZED_AUTOS = YES_AGGRESSIVE;
				GCC_WARN_UNUSED_FUNCTION = YES;
				GCC_WARN_UNUSED_VARIABLE = YES;
				IPHONEOS_DEPLOYMENT_TARGET = 14.5;
				MTL_ENABLE_DEBUG_INFO = INCLUDE_SOURCE;
				MTL_FAST_MATH = YES;
				ONLY_ACTIVE_ARCH = YES;
				SDKROOT = iphoneos;
			};
			name = Debug;
		};
		B9E5ACF32694DC8100E348E3 /* Release */ = {
			isa = XCBuildConfiguration;
			buildSettings = {
				ALWAYS_SEARCH_USER_PATHS = NO;
				CLANG_ANALYZER_NONNULL = YES;
				CLANG_ANALYZER_NUMBER_OBJECT_CONVERSION = YES_AGGRESSIVE;
				CLANG_CXX_LANGUAGE_STANDARD = "gnu++14";
				CLANG_CXX_LIBRARY = "libc++";
				CLANG_ENABLE_MODULES = YES;
				CLANG_ENABLE_OBJC_ARC = YES;
				CLANG_ENABLE_OBJC_WEAK = YES;
				CLANG_WARN_BLOCK_CAPTURE_AUTORELEASING = YES;
				CLANG_WARN_BOOL_CONVERSION = YES;
				CLANG_WARN_COMMA = YES;
				CLANG_WARN_CONSTANT_CONVERSION = YES;
				CLANG_WARN_DEPRECATED_OBJC_IMPLEMENTATIONS = YES;
				CLANG_WARN_DIRECT_OBJC_ISA_USAGE = YES_ERROR;
				CLANG_WARN_DOCUMENTATION_COMMENTS = YES;
				CLANG_WARN_EMPTY_BODY = YES;
				CLANG_WARN_ENUM_CONVERSION = YES;
				CLANG_WARN_INFINITE_RECURSION = YES;
				CLANG_WARN_INT_CONVERSION = YES;
				CLANG_WARN_NON_LITERAL_NULL_CONVERSION = YES;
				CLANG_WARN_OBJC_IMPLICIT_RETAIN_SELF = YES;
				CLANG_WARN_OBJC_LITERAL_CONVERSION = YES;
				CLANG_WARN_OBJC_ROOT_CLASS = YES_ERROR;
				CLANG_WARN_QUOTED_INCLUDE_IN_FRAMEWORK_HEADER = YES;
				CLANG_WARN_RANGE_LOOP_ANALYSIS = YES;
				CLANG_WARN_STRICT_PROTOTYPES = YES;
				CLANG_WARN_SUSPICIOUS_MOVE = YES;
				CLANG_WARN_UNGUARDED_AVAILABILITY = YES_AGGRESSIVE;
				CLANG_WARN_UNREACHABLE_CODE = YES;
				CLANG_WARN__DUPLICATE_METHOD_MATCH = YES;
				COPY_PHASE_STRIP = NO;
				DEBUG_INFORMATION_FORMAT = "dwarf-with-dsym";
				ENABLE_NS_ASSERTIONS = NO;
				ENABLE_STRICT_OBJC_MSGSEND = YES;
				GCC_C_LANGUAGE_STANDARD = gnu11;
				GCC_NO_COMMON_BLOCKS = YES;
				GCC_WARN_64_TO_32_BIT_CONVERSION = YES;
				GCC_WARN_ABOUT_RETURN_TYPE = YES_ERROR;
				GCC_WARN_UNDECLARED_SELECTOR = YES;
				GCC_WARN_UNINITIALIZED_AUTOS = YES_AGGRESSIVE;
				GCC_WARN_UNUSED_FUNCTION = YES;
				GCC_WARN_UNUSED_VARIABLE = YES;
				IPHONEOS_DEPLOYMENT_TARGET = 14.5;
				MTL_ENABLE_DEBUG_INFO = NO;
				MTL_FAST_MATH = YES;
				SDKROOT = iphoneos;
				VALIDATE_PRODUCT = YES;
			};
			name = Release;
		};
		B9E5ACF52694DC8100E348E3 /* Debug */ = {
			isa = XCBuildConfiguration;
			baseConfigurationReference = B4F1772D6924D5E64611C924 /* Pods-Instagram.debug.xcconfig */;
			buildSettings = {
				ASSETCATALOG_COMPILER_APPICON_NAME = AppIcon;
				ASSETCATALOG_COMPILER_GLOBAL_ACCENT_COLOR_NAME = AccentColor;
				CODE_SIGN_STYLE = Automatic;
				DEVELOPMENT_TEAM = 6LTKB7ZMQV;
				INFOPLIST_FILE = Instagram/Info.plist;
				LD_RUNPATH_SEARCH_PATHS = (
					"$(inherited)",
					"@executable_path/Frameworks",
				);
				PRODUCT_BUNDLE_IDENTIFIER = com.lukarney.Instagram;
				PRODUCT_NAME = "$(TARGET_NAME)";
				TARGETED_DEVICE_FAMILY = "1,2";
			};
			name = Debug;
		};
		B9E5ACF62694DC8100E348E3 /* Release */ = {
			isa = XCBuildConfiguration;
			baseConfigurationReference = CB27A87B6C0561A6E8782CC5 /* Pods-Instagram.release.xcconfig */;
			buildSettings = {
				ASSETCATALOG_COMPILER_APPICON_NAME = AppIcon;
				ASSETCATALOG_COMPILER_GLOBAL_ACCENT_COLOR_NAME = AccentColor;
				CODE_SIGN_STYLE = Automatic;
				DEVELOPMENT_TEAM = 6LTKB7ZMQV;
				INFOPLIST_FILE = Instagram/Info.plist;
				LD_RUNPATH_SEARCH_PATHS = (
					"$(inherited)",
					"@executable_path/Frameworks",
				);
				PRODUCT_BUNDLE_IDENTIFIER = com.lukarney.Instagram;
				PRODUCT_NAME = "$(TARGET_NAME)";
				TARGETED_DEVICE_FAMILY = "1,2";
			};
			name = Release;
		};
		B9E5ACF82694DC8100E348E3 /* Debug */ = {
			isa = XCBuildConfiguration;
			baseConfigurationReference = 071F256EDBA5554D714C2CFA /* Pods-InstagramTests.debug.xcconfig */;
			buildSettings = {
				BUNDLE_LOADER = "$(TEST_HOST)";
				CODE_SIGN_STYLE = Automatic;
				DEVELOPMENT_TEAM = 6LTKB7ZMQV;
				INFOPLIST_FILE = InstagramTests/Info.plist;
				IPHONEOS_DEPLOYMENT_TARGET = 14.5;
				LD_RUNPATH_SEARCH_PATHS = (
					"$(inherited)",
					"@executable_path/Frameworks",
					"@loader_path/Frameworks",
				);
				PRODUCT_BUNDLE_IDENTIFIER = com.lukarney.InstagramTests;
				PRODUCT_NAME = "$(TARGET_NAME)";
				TARGETED_DEVICE_FAMILY = "1,2";
				TEST_HOST = "$(BUILT_PRODUCTS_DIR)/Instagram.app/Instagram";
			};
			name = Debug;
		};
		B9E5ACF92694DC8100E348E3 /* Release */ = {
			isa = XCBuildConfiguration;
			baseConfigurationReference = A5F6368AFBF85ACCD3311512 /* Pods-InstagramTests.release.xcconfig */;
			buildSettings = {
				BUNDLE_LOADER = "$(TEST_HOST)";
				CODE_SIGN_STYLE = Automatic;
				DEVELOPMENT_TEAM = 6LTKB7ZMQV;
				INFOPLIST_FILE = InstagramTests/Info.plist;
				IPHONEOS_DEPLOYMENT_TARGET = 14.5;
				LD_RUNPATH_SEARCH_PATHS = (
					"$(inherited)",
					"@executable_path/Frameworks",
					"@loader_path/Frameworks",
				);
				PRODUCT_BUNDLE_IDENTIFIER = com.lukarney.InstagramTests;
				PRODUCT_NAME = "$(TARGET_NAME)";
				TARGETED_DEVICE_FAMILY = "1,2";
				TEST_HOST = "$(BUILT_PRODUCTS_DIR)/Instagram.app/Instagram";
			};
			name = Release;
		};
		B9E5ACFB2694DC8100E348E3 /* Debug */ = {
			isa = XCBuildConfiguration;
			baseConfigurationReference = C06A5A0216DF318B6AD66F25 /* Pods-Instagram-InstagramUITests.debug.xcconfig */;
			buildSettings = {
				CODE_SIGN_STYLE = Automatic;
				DEVELOPMENT_TEAM = 6LTKB7ZMQV;
				INFOPLIST_FILE = InstagramUITests/Info.plist;
				LD_RUNPATH_SEARCH_PATHS = (
					"$(inherited)",
					"@executable_path/Frameworks",
					"@loader_path/Frameworks",
				);
				PRODUCT_BUNDLE_IDENTIFIER = com.lukarney.InstagramUITests;
				PRODUCT_NAME = "$(TARGET_NAME)";
				TARGETED_DEVICE_FAMILY = "1,2";
				TEST_TARGET_NAME = Instagram;
			};
			name = Debug;
		};
		B9E5ACFC2694DC8100E348E3 /* Release */ = {
			isa = XCBuildConfiguration;
			baseConfigurationReference = BDD118FFC15AC80066C5888F /* Pods-Instagram-InstagramUITests.release.xcconfig */;
			buildSettings = {
				CODE_SIGN_STYLE = Automatic;
				DEVELOPMENT_TEAM = 6LTKB7ZMQV;
				INFOPLIST_FILE = InstagramUITests/Info.plist;
				LD_RUNPATH_SEARCH_PATHS = (
					"$(inherited)",
					"@executable_path/Frameworks",
					"@loader_path/Frameworks",
				);
				PRODUCT_BUNDLE_IDENTIFIER = com.lukarney.InstagramUITests;
				PRODUCT_NAME = "$(TARGET_NAME)";
				TARGETED_DEVICE_FAMILY = "1,2";
				TEST_TARGET_NAME = Instagram;
			};
			name = Release;
		};
/* End XCBuildConfiguration section */

/* Begin XCConfigurationList section */
		B9E5ACC02694DC8000E348E3 /* Build configuration list for PBXProject "Instagram" */ = {
			isa = XCConfigurationList;
			buildConfigurations = (
				B9E5ACF22694DC8100E348E3 /* Debug */,
				B9E5ACF32694DC8100E348E3 /* Release */,
			);
			defaultConfigurationIsVisible = 0;
			defaultConfigurationName = Release;
		};
		B9E5ACF42694DC8100E348E3 /* Build configuration list for PBXNativeTarget "Instagram" */ = {
			isa = XCConfigurationList;
			buildConfigurations = (
				B9E5ACF52694DC8100E348E3 /* Debug */,
				B9E5ACF62694DC8100E348E3 /* Release */,
			);
			defaultConfigurationIsVisible = 0;
			defaultConfigurationName = Release;
		};
		B9E5ACF72694DC8100E348E3 /* Build configuration list for PBXNativeTarget "InstagramTests" */ = {
			isa = XCConfigurationList;
			buildConfigurations = (
				B9E5ACF82694DC8100E348E3 /* Debug */,
				B9E5ACF92694DC8100E348E3 /* Release */,
			);
			defaultConfigurationIsVisible = 0;
			defaultConfigurationName = Release;
		};
		B9E5ACFA2694DC8100E348E3 /* Build configuration list for PBXNativeTarget "InstagramUITests" */ = {
			isa = XCConfigurationList;
			buildConfigurations = (
				B9E5ACFB2694DC8100E348E3 /* Debug */,
				B9E5ACFC2694DC8100E348E3 /* Release */,
			);
			defaultConfigurationIsVisible = 0;
			defaultConfigurationName = Release;
		};
/* End XCConfigurationList section */
	};
	rootObject = B9E5ACBD2694DC8000E348E3 /* Project object */;
}
